
Microsoft Visual Studio Solution File, Format Version 12.00
# Visual Studio Version 17
VisualStudioVersion = 17.5.33516.290
MinimumVisualStudioVersion = 10.0.40219.1
Project("{FAE04EC0-301F-11D3-BF4B-00C04F79EFBC}") = "AspNetTest", "AspNetTest\AspNetTest.csproj", "{E0630178-05E3-4FB3-B429-C2D2AE3FC3EA}"
EndProject
Global
	GlobalSection(SolutionConfigurationPlatforms) = preSolution
		Debug|Any CPU = Debug|Any CPU
		Release|Any CPU = Release|Any CPU
	EndGlobalSection
	GlobalSection(ProjectConfigurationPlatforms) = postSolution
		{E0630178-05E3-4FB3-B429-C2D2AE3FC3EA}.Debug|Any CPU.ActiveCfg = Debug|Any CPU
		{E0630178-05E3-4FB3-B429-C2D2AE3FC3EA}.Debug|Any CPU.Build.0 = Debug|Any CPU
		{E0630178-05E3-4FB3-B429-C2D2AE3FC3EA}.Release|Any CPU.ActiveCfg = Release|Any CPU
		{E0630178-05E3-4FB3-B429-C2D2AE3FC3EA}.Release|Any CPU.Build.0 = Release|Any CPU
	EndGlobalSection
	GlobalSection(SolutionProperties) = preSolution
		HideSolutionNode = FALSE
	EndGlobalSection
	GlobalSection(ExtensibilityGlobals) = postSolution
		SolutionGuid = {56778E77-A997-4BC0-A492-AF4DBA1BCBBF}
	EndGlobalSection
EndGlobal
